
Microsoft Visual Studio Solution File, Format Version 12.00
# Visual Studio Version 16
VisualStudioVersion = 16.0.30225.117
MinimumVisualStudioVersion = 10.0.40219.1
Project("{FAE04EC0-301F-11D3-BF4B-00C04F79EFBC}") = "MyPOS", "MyPOS\MyPOS.csproj", "{521860C7-7262-42F8-B310-F124E3DFA2FD}"
EndProject
Global
	GlobalSection(SolutionConfigurationPlatforms) = preSolution
		Debug|Any CPU = Debug|Any CPU
		Release|Any CPU = Release|Any CPU
	EndGlobalSection
	GlobalSection(ProjectConfigurationPlatforms) = postSolution
		{521860C7-7262-42F8-B310-F124E3DFA2FD}.Debug|Any CPU.ActiveCfg = Debug|Any CPU
		{521860C7-7262-42F8-B310-F124E3DFA2FD}.Debug|Any CPU.Build.0 = Debug|Any CPU
		{521860C7-7262-42F8-B310-F124E3DFA2FD}.Release|Any CPU.ActiveCfg = Release|Any CPU
		{521860C7-7262-42F8-B310-F124E3DFA2FD}.Release|Any CPU.Build.0 = Release|Any CPU
	EndGlobalSection
	GlobalSection(SolutionProperties) = preSolution
		HideSolutionNode = FALSE
	EndGlobalSection
	GlobalSection(ExtensibilityGlobals) = postSolution
		SolutionGuid = {0B31F286-1517-4930-9ED2-5FC8C34CBC08}
	EndGlobalSection
EndGlobal
